// !$*UTF8*$!
{
	archiveVersion = 1;
	classes = {
	};
	objectVersion = 52;
	objects = {

/* Begin PBXBuildFile section */
		CE0E1CEB29F2D6A10007F36F /* AppRootComponent.swift in Sources */ = {isa = PBXBuildFile; fileRef = CE0E1CEA29F2D6A10007F36F /* AppRootComponent.swift */; };
		CE0E1CED29F2D7270007F36F /* TransportHomeImp in Frameworks */ = {isa = PBXBuildFile; productRef = CE0E1CEC29F2D7270007F36F /* TransportHomeImp */; };
		CE0E1CEF29F2DAB20007F36F /* TopupImp in Frameworks */ = {isa = PBXBuildFile; productRef = CE0E1CEE29F2DAB20007F36F /* TopupImp */; };
		CE0E1CF129F2E0140007F36F /* AddPaymentMethodImp in Frameworks */ = {isa = PBXBuildFile; productRef = CE0E1CF029F2E0140007F36F /* AddPaymentMethodImp */; };
		CE696A1929F81E3B007E5194 /* MiniSuperAppUITests.swift in Sources */ = {isa = PBXBuildFile; fileRef = CE696A1829F81E3B007E5194 /* MiniSuperAppUITests.swift */; };
		CE696A2229F81EC3007E5194 /* TopupImpUITest.swift in Sources */ = {isa = PBXBuildFile; fileRef = CE696A2129F81EC3007E5194 /* TopupImpUITest.swift */; };
		CE696A2729F824D4007E5194 /* PlatformTestSupport in Frameworks */ = {isa = PBXBuildFile; productRef = CE696A2629F824D4007E5194 /* PlatformTestSupport */; };
		CE696A2A29F8255F007E5194 /* cardOnFile.json in Resources */ = {isa = PBXBuildFile; fileRef = CE696A2929F8255F007E5194 /* cardOnFile.json */; };
		CEB0336A29F18539000CC868 /* AppHome in Frameworks */ = {isa = PBXBuildFile; productRef = CEB0336929F18539000CC868 /* AppHome */; };
		CEB0336C29F18640000CC868 /* ProfileHome in Frameworks */ = {isa = PBXBuildFile; productRef = CEB0336B29F18640000CC868 /* ProfileHome */; };
		CEB7D14429F181080014D9DF /* FinanceHome in Frameworks */ = {isa = PBXBuildFile; productRef = CEB7D14329F181080014D9DF /* FinanceHome */; };
		CEB7D14829F182D30014D9DF /* TransportHome in Frameworks */ = {isa = PBXBuildFile; productRef = CEB7D14729F182D30014D9DF /* TransportHome */; };
		CEB8AE4B29F13A5100EEA219 /* Topup in Frameworks */ = {isa = PBXBuildFile; productRef = CEB8AE4A29F13A5100EEA219 /* Topup */; };
		CECA6D2229F137290065D389 /* ModernRIBs in Frameworks */ = {isa = PBXBuildFile; productRef = CECA6D2129F137290065D389 /* ModernRIBs */; };
		CECA6D2529F137410065D389 /* CombineExt in Frameworks */ = {isa = PBXBuildFile; productRef = CECA6D2429F137410065D389 /* CombineExt */; };
		CECA6D2729F137AC0065D389 /* AddPaymentMethod in Frameworks */ = {isa = PBXBuildFile; productRef = CECA6D2629F137AC0065D389 /* AddPaymentMethod */; };
		CECA6D2929F137AC0065D389 /* FinanceEntity in Frameworks */ = {isa = PBXBuildFile; productRef = CECA6D2829F137AC0065D389 /* FinanceEntity */; };
		CECA6D2B29F137AC0065D389 /* FinanceRepository in Frameworks */ = {isa = PBXBuildFile; productRef = CECA6D2A29F137AC0065D389 /* FinanceRepository */; };
		CEE9684E29F826A90049D37D /* TestUtils.swift in Sources */ = {isa = PBXBuildFile; fileRef = CEE9684D29F826A90049D37D /* TestUtils.swift */; };
		CEE9685029F827240049D37D /* topupSuccessResponse.json in Resources */ = {isa = PBXBuildFile; fileRef = CEE9684F29F827240049D37D /* topupSuccessResponse.json */; };
		CEEE9C3D29F137ED0087B9AA /* CombineUtil in Frameworks */ = {isa = PBXBuildFile; productRef = CEEE9C3C29F137ED0087B9AA /* CombineUtil */; };
		CEEE9C3F29F137ED0087B9AA /* RIBsUtil in Frameworks */ = {isa = PBXBuildFile; productRef = CEEE9C3E29F137ED0087B9AA /* RIBsUtil */; };
		CEEE9C4129F137ED0087B9AA /* SuperUI in Frameworks */ = {isa = PBXBuildFile; productRef = CEEE9C4029F137ED0087B9AA /* SuperUI */; };
		F57F6AFE26DB4CD700C0117D /* RootTabBarController.swift in Sources */ = {isa = PBXBuildFile; fileRef = F57F6AFD26DB4CD700C0117D /* RootTabBarController.swift */; };
		F5829F5926DB2BC400BFA8CD /* AppDelegate.swift in Sources */ = {isa = PBXBuildFile; fileRef = F5829F5826DB2BC400BFA8CD /* AppDelegate.swift */; };
		F5829F6226DB2BC500BFA8CD /* Assets.xcassets in Resources */ = {isa = PBXBuildFile; fileRef = F5829F6126DB2BC500BFA8CD /* Assets.xcassets */; };
		F5829F6526DB2BC500BFA8CD /* LaunchScreen.storyboard in Resources */ = {isa = PBXBuildFile; fileRef = F5829F6326DB2BC500BFA8CD /* LaunchScreen.storyboard */; };
		F5829F7426DB34AA00BFA8CD /* AppRootRouter.swift in Sources */ = {isa = PBXBuildFile; fileRef = F5829F7026DB34AA00BFA8CD /* AppRootRouter.swift */; };
		F5829F7626DB34AA00BFA8CD /* AppRootBuilder.swift in Sources */ = {isa = PBXBuildFile; fileRef = F5829F7226DB34AA00BFA8CD /* AppRootBuilder.swift */; };
		F5829F7726DB34AA00BFA8CD /* AppRootInteractor.swift in Sources */ = {isa = PBXBuildFile; fileRef = F5829F7326DB34AA00BFA8CD /* AppRootInteractor.swift */; };
		F5829F7926DB397300BFA8CD /* AppComponent.swift in Sources */ = {isa = PBXBuildFile; fileRef = F5829F7826DB397300BFA8CD /* AppComponent.swift */; };
		FE12669829F3E4B500C2CE93 /* DefaultsStore in Frameworks */ = {isa = PBXBuildFile; productRef = FE12669729F3E4B500C2CE93 /* DefaultsStore */; };
		FE12669A29F3E4B500C2CE93 /* Network in Frameworks */ = {isa = PBXBuildFile; productRef = FE12669929F3E4B500C2CE93 /* Network */; };
		FE12669C29F3E4B500C2CE93 /* NetworkImp in Frameworks */ = {isa = PBXBuildFile; productRef = FE12669B29F3E4B500C2CE93 /* NetworkImp */; };
		FE12669E29F41D2A00C2CE93 /* BaseURL.swift in Sources */ = {isa = PBXBuildFile; fileRef = FE12669D29F41D2A00C2CE93 /* BaseURL.swift */; };
		FE531B2329F41EDE00559B08 /* SuperAppURLProtocol.swift in Sources */ = {isa = PBXBuildFile; fileRef = FE531B2229F41EDE00559B08 /* SuperAppURLProtocol.swift */; };
		FE531B2529F420F900559B08 /* SetupURLProtocol.swift in Sources */ = {isa = PBXBuildFile; fileRef = FE531B2429F420F900559B08 /* SetupURLProtocol.swift */; };
/* End PBXBuildFile section */

/* Begin PBXContainerItemProxy section */
		CE696A1C29F81E3B007E5194 /* PBXContainerItemProxy */ = {
			isa = PBXContainerItemProxy;
			containerPortal = F5829F4D26DB2BC400BFA8CD /* Project object */;
			proxyType = 1;
			remoteGlobalIDString = F5829F5426DB2BC400BFA8CD;
			remoteInfo = MiniSuperApp;
		};
/* End PBXContainerItemProxy section */

/* Begin PBXFileReference section */
		CE0E1CEA29F2D6A10007F36F /* AppRootComponent.swift */ = {isa = PBXFileReference; lastKnownFileType = sourcecode.swift; path = AppRootComponent.swift; sourceTree = "<group>"; };
		CE696A1629F81E3B007E5194 /* MiniSuperAppUITests.xctest */ = {isa = PBXFileReference; explicitFileType = wrapper.cfbundle; includeInIndex = 0; path = MiniSuperAppUITests.xctest; sourceTree = BUILT_PRODUCTS_DIR; };
		CE696A1829F81E3B007E5194 /* MiniSuperAppUITests.swift */ = {isa = PBXFileReference; lastKnownFileType = sourcecode.swift; path = MiniSuperAppUITests.swift; sourceTree = "<group>"; };
		CE696A2129F81EC3007E5194 /* TopupImpUITest.swift */ = {isa = PBXFileReference; lastKnownFileType = sourcecode.swift; path = TopupImpUITest.swift; sourceTree = "<group>"; };
		CE696A2929F8255F007E5194 /* cardOnFile.json */ = {isa = PBXFileReference; lastKnownFileType = text.json; path = cardOnFile.json; sourceTree = "<group>"; };
		CEAC7BC129F12C12005CC8A7 /* CX */ = {isa = PBXFileReference; lastKnownFileType = wrapper; name = CX; path = MiniSuperApp/CX; sourceTree = "<group>"; };
		CEAC7BC229F12C25005CC8A7 /* Platform */ = {isa = PBXFileReference; lastKnownFileType = wrapper; name = Platform; path = MiniSuperApp/Platform; sourceTree = "<group>"; };
		CEAC7BC329F12C2B005CC8A7 /* Finance */ = {isa = PBXFileReference; lastKnownFileType = wrapper; name = Finance; path = MiniSuperApp/Finance; sourceTree = "<group>"; };
		CEAC7BC429F12C3F005CC8A7 /* Transport */ = {isa = PBXFileReference; lastKnownFileType = wrapper; name = Transport; path = MiniSuperApp/Transport; sourceTree = "<group>"; };
		CEAC7BC729F12C91005CC8A7 /* Profile */ = {isa = PBXFileReference; lastKnownFileType = wrapper; name = Profile; path = MiniSuperApp/Profile; sourceTree = "<group>"; };
		CEE9684D29F826A90049D37D /* TestUtils.swift */ = {isa = PBXFileReference; lastKnownFileType = sourcecode.swift; path = TestUtils.swift; sourceTree = "<group>"; };
		CEE9684F29F827240049D37D /* topupSuccessResponse.json */ = {isa = PBXFileReference; lastKnownFileType = text.json; path = topupSuccessResponse.json; sourceTree = "<group>"; };
		F57F6AFD26DB4CD700C0117D /* RootTabBarController.swift */ = {isa = PBXFileReference; lastKnownFileType = sourcecode.swift; path = RootTabBarController.swift; sourceTree = "<group>"; };
		F5829F5526DB2BC400BFA8CD /* MiniSuperApp.app */ = {isa = PBXFileReference; explicitFileType = wrapper.application; includeInIndex = 0; path = MiniSuperApp.app; sourceTree = BUILT_PRODUCTS_DIR; };
		F5829F5826DB2BC400BFA8CD /* AppDelegate.swift */ = {isa = PBXFileReference; lastKnownFileType = sourcecode.swift; path = AppDelegate.swift; sourceTree = "<group>"; };
		F5829F6126DB2BC500BFA8CD /* Assets.xcassets */ = {isa = PBXFileReference; lastKnownFileType = folder.assetcatalog; path = Assets.xcassets; sourceTree = "<group>"; };
		F5829F6426DB2BC500BFA8CD /* Base */ = {isa = PBXFileReference; lastKnownFileType = file.storyboard; name = Base; path = Base.lproj/LaunchScreen.storyboard; sourceTree = "<group>"; };
		F5829F6626DB2BC500BFA8CD /* Info.plist */ = {isa = PBXFileReference; lastKnownFileType = text.plist.xml; path = Info.plist; sourceTree = "<group>"; };
		F5829F7026DB34AA00BFA8CD /* AppRootRouter.swift */ = {isa = PBXFileReference; lastKnownFileType = sourcecode.swift; path = AppRootRouter.swift; sourceTree = "<group>"; };
		F5829F7226DB34AA00BFA8CD /* AppRootBuilder.swift */ = {isa = PBXFileReference; lastKnownFileType = sourcecode.swift; path = AppRootBuilder.swift; sourceTree = "<group>"; };
		F5829F7326DB34AA00BFA8CD /* AppRootInteractor.swift */ = {isa = PBXFileReference; lastKnownFileType = sourcecode.swift; path = AppRootInteractor.swift; sourceTree = "<group>"; };
		F5829F7826DB397300BFA8CD /* AppComponent.swift */ = {isa = PBXFileReference; lastKnownFileType = sourcecode.swift; path = AppComponent.swift; sourceTree = "<group>"; };
		FE12669D29F41D2A00C2CE93 /* BaseURL.swift */ = {isa = PBXFileReference; lastKnownFileType = sourcecode.swift; path = BaseURL.swift; sourceTree = "<group>"; };
		FE531B2229F41EDE00559B08 /* SuperAppURLProtocol.swift */ = {isa = PBXFileReference; lastKnownFileType = sourcecode.swift; path = SuperAppURLProtocol.swift; sourceTree = "<group>"; };
		FE531B2429F420F900559B08 /* SetupURLProtocol.swift */ = {isa = PBXFileReference; lastKnownFileType = sourcecode.swift; path = SetupURLProtocol.swift; sourceTree = "<group>"; };
/* End PBXFileReference section */

/* Begin PBXFrameworksBuildPhase section */
		CE696A1329F81E3B007E5194 /* Frameworks */ = {
			isa = PBXFrameworksBuildPhase;
			buildActionMask = 2147483647;
			files = (
				CE696A2729F824D4007E5194 /* PlatformTestSupport in Frameworks */,
			);
			runOnlyForDeploymentPostprocessing = 0;
		};
		F5829F5226DB2BC400BFA8CD /* Frameworks */ = {
			isa = PBXFrameworksBuildPhase;
			buildActionMask = 2147483647;
			files = (
				CECA6D2529F137410065D389 /* CombineExt in Frameworks */,
				CE0E1CF129F2E0140007F36F /* AddPaymentMethodImp in Frameworks */,
				CECA6D2729F137AC0065D389 /* AddPaymentMethod in Frameworks */,
				CEEE9C3D29F137ED0087B9AA /* CombineUtil in Frameworks */,
				CEB0336C29F18640000CC868 /* ProfileHome in Frameworks */,
				CE0E1CED29F2D7270007F36F /* TransportHomeImp in Frameworks */,
				CE0E1CEF29F2DAB20007F36F /* TopupImp in Frameworks */,
				CEB8AE4B29F13A5100EEA219 /* Topup in Frameworks */,
				FE12669829F3E4B500C2CE93 /* DefaultsStore in Frameworks */,
				FE12669A29F3E4B500C2CE93 /* Network in Frameworks */,
				CECA6D2929F137AC0065D389 /* FinanceEntity in Frameworks */,
				CEEE9C4129F137ED0087B9AA /* SuperUI in Frameworks */,
				CEB7D14829F182D30014D9DF /* TransportHome in Frameworks */,
				CECA6D2229F137290065D389 /* ModernRIBs in Frameworks */,
				CEEE9C3F29F137ED0087B9AA /* RIBsUtil in Frameworks */,
				CEB0336A29F18539000CC868 /* AppHome in Frameworks */,
				CEB7D14429F181080014D9DF /* FinanceHome in Frameworks */,
				FE12669C29F3E4B500C2CE93 /* NetworkImp in Frameworks */,
				CECA6D2B29F137AC0065D389 /* FinanceRepository in Frameworks */,
			);
			runOnlyForDeploymentPostprocessing = 0;
		};
/* End PBXFrameworksBuildPhase section */

/* Begin PBXGroup section */
		CE696A1729F81E3B007E5194 /* MiniSuperAppUITests */ = {
			isa = PBXGroup;
			children = (
				CE696A2829F8253A007E5194 /* Response */,
				CE696A1829F81E3B007E5194 /* MiniSuperAppUITests.swift */,
				CE696A2129F81EC3007E5194 /* TopupImpUITest.swift */,
				CEE9684D29F826A90049D37D /* TestUtils.swift */,
			);
			path = MiniSuperAppUITests;
			sourceTree = "<group>";
		};
		CE696A2829F8253A007E5194 /* Response */ = {
			isa = PBXGroup;
			children = (
				CE696A2929F8255F007E5194 /* cardOnFile.json */,
				CEE9684F29F827240049D37D /* topupSuccessResponse.json */,
			);
			path = Response;
			sourceTree = "<group>";
		};
		CE6FE22B29F1339200ACB0B7 /* Frameworks */ = {
			isa = PBXGroup;
			children = (
			);
			name = Frameworks;
			sourceTree = "<group>";
		};
		F5829F4C26DB2BC400BFA8CD = {
			isa = PBXGroup;
			children = (
				CEAC7BC229F12C25005CC8A7 /* Platform */,
				CEAC7BC729F12C91005CC8A7 /* Profile */,
				CEAC7BC429F12C3F005CC8A7 /* Transport */,
				CEAC7BC329F12C2B005CC8A7 /* Finance */,
				CEAC7BC129F12C12005CC8A7 /* CX */,
				F5829F5726DB2BC400BFA8CD /* MiniSuperApp */,
				CE696A1729F81E3B007E5194 /* MiniSuperAppUITests */,
				F5829F5626DB2BC400BFA8CD /* Products */,
				CE6FE22B29F1339200ACB0B7 /* Frameworks */,
			);
			sourceTree = "<group>";
		};
		F5829F5626DB2BC400BFA8CD /* Products */ = {
			isa = PBXGroup;
			children = (
				F5829F5526DB2BC400BFA8CD /* MiniSuperApp.app */,
				CE696A1629F81E3B007E5194 /* MiniSuperAppUITests.xctest */,
			);
			name = Products;
			sourceTree = "<group>";
		};
		F5829F5726DB2BC400BFA8CD /* MiniSuperApp */ = {
			isa = PBXGroup;
			children = (
				F5829F7A26DB3AF900BFA8CD /* AppDelegate */,
				F5829F6F26DB33CF00BFA8CD /* AppRoot */,
				F5829F6126DB2BC500BFA8CD /* Assets.xcassets */,
				F5829F6326DB2BC500BFA8CD /* LaunchScreen.storyboard */,
				F5829F6626DB2BC500BFA8CD /* Info.plist */,
			);
			path = MiniSuperApp;
			sourceTree = "<group>";
		};
		F5829F6F26DB33CF00BFA8CD /* AppRoot */ = {
			isa = PBXGroup;
			children = (
				F5829F7026DB34AA00BFA8CD /* AppRootRouter.swift */,
				F5829F7226DB34AA00BFA8CD /* AppRootBuilder.swift */,
				F5829F7326DB34AA00BFA8CD /* AppRootInteractor.swift */,
				F57F6AFD26DB4CD700C0117D /* RootTabBarController.swift */,
				CE0E1CEA29F2D6A10007F36F /* AppRootComponent.swift */,
				FE12669D29F41D2A00C2CE93 /* BaseURL.swift */,
				FE531B2229F41EDE00559B08 /* SuperAppURLProtocol.swift */,
				FE531B2429F420F900559B08 /* SetupURLProtocol.swift */,
			);
			path = AppRoot;
			sourceTree = "<group>";
		};
		F5829F7A26DB3AF900BFA8CD /* AppDelegate */ = {
			isa = PBXGroup;
			children = (
				F5829F5826DB2BC400BFA8CD /* AppDelegate.swift */,
				F5829F7826DB397300BFA8CD /* AppComponent.swift */,
			);
			path = AppDelegate;
			sourceTree = "<group>";
		};
/* End PBXGroup section */

/* Begin PBXNativeTarget section */
		CE696A1529F81E3B007E5194 /* MiniSuperAppUITests */ = {
			isa = PBXNativeTarget;
			buildConfigurationList = CE696A2029F81E3B007E5194 /* Build configuration list for PBXNativeTarget "MiniSuperAppUITests" */;
			buildPhases = (
				CE696A1229F81E3B007E5194 /* Sources */,
				CE696A1329F81E3B007E5194 /* Frameworks */,
				CE696A1429F81E3B007E5194 /* Resources */,
			);
			buildRules = (
			);
			dependencies = (
				CE696A1D29F81E3B007E5194 /* PBXTargetDependency */,
			);
			name = MiniSuperAppUITests;
			packageProductDependencies = (
				CE696A2629F824D4007E5194 /* PlatformTestSupport */,
			);
			productName = MiniSuperAppUITests;
			productReference = CE696A1629F81E3B007E5194 /* MiniSuperAppUITests.xctest */;
			productType = "com.apple.product-type.bundle.ui-testing";
		};
		F5829F5426DB2BC400BFA8CD /* MiniSuperApp */ = {
			isa = PBXNativeTarget;
			buildConfigurationList = F5829F6926DB2BC500BFA8CD /* Build configuration list for PBXNativeTarget "MiniSuperApp" */;
			buildPhases = (
				F5829F5126DB2BC400BFA8CD /* Sources */,
				F5829F5226DB2BC400BFA8CD /* Frameworks */,
				F5829F5326DB2BC400BFA8CD /* Resources */,
			);
			buildRules = (
			);
			dependencies = (
			);
			name = MiniSuperApp;
			packageProductDependencies = (
				CECA6D2129F137290065D389 /* ModernRIBs */,
				CECA6D2429F137410065D389 /* CombineExt */,
				CECA6D2629F137AC0065D389 /* AddPaymentMethod */,
				CECA6D2829F137AC0065D389 /* FinanceEntity */,
				CECA6D2A29F137AC0065D389 /* FinanceRepository */,
				CEEE9C3C29F137ED0087B9AA /* CombineUtil */,
				CEEE9C3E29F137ED0087B9AA /* RIBsUtil */,
				CEEE9C4029F137ED0087B9AA /* SuperUI */,
				CEB8AE4A29F13A5100EEA219 /* Topup */,
				CEB7D14329F181080014D9DF /* FinanceHome */,
				CEB7D14729F182D30014D9DF /* TransportHome */,
				CEB0336929F18539000CC868 /* AppHome */,
				CEB0336B29F18640000CC868 /* ProfileHome */,
				CE0E1CEC29F2D7270007F36F /* TransportHomeImp */,
				CE0E1CEE29F2DAB20007F36F /* TopupImp */,
				CE0E1CF029F2E0140007F36F /* AddPaymentMethodImp */,
				FE12669729F3E4B500C2CE93 /* DefaultsStore */,
				FE12669929F3E4B500C2CE93 /* Network */,
				FE12669B29F3E4B500C2CE93 /* NetworkImp */,
			);
			productName = SuperRedApp;
			productReference = F5829F5526DB2BC400BFA8CD /* MiniSuperApp.app */;
			productType = "com.apple.product-type.application";
		};
/* End PBXNativeTarget section */

/* Begin PBXProject section */
		F5829F4D26DB2BC400BFA8CD /* Project object */ = {
			isa = PBXProject;
			attributes = {
				LastSwiftUpdateCheck = 1430;
				LastUpgradeCheck = 1250;
				TargetAttributes = {
					CE696A1529F81E3B007E5194 = {
						CreatedOnToolsVersion = 14.3;
						TestTargetID = F5829F5426DB2BC400BFA8CD;
					};
					F5829F5426DB2BC400BFA8CD = {
						CreatedOnToolsVersion = 12.5.1;
					};
				};
			};
			buildConfigurationList = F5829F5026DB2BC400BFA8CD /* Build configuration list for PBXProject "MiniSuperApp" */;
			compatibilityVersion = "Xcode 9.3";
			developmentRegion = en;
			hasScannedForEncodings = 0;
			knownRegions = (
				en,
				Base,
			);
			mainGroup = F5829F4C26DB2BC400BFA8CD;
			packageReferences = (
				CECA6D2029F137290065D389 /* XCRemoteSwiftPackageReference "ModernRIBs" */,
				CECA6D2329F137410065D389 /* XCRemoteSwiftPackageReference "CombineExt" */,
			);
			productRefGroup = F5829F5626DB2BC400BFA8CD /* Products */;
			projectDirPath = "";
			projectRoot = "";
			targets = (
				F5829F5426DB2BC400BFA8CD /* MiniSuperApp */,
				CE696A1529F81E3B007E5194 /* MiniSuperAppUITests */,
			);
		};
/* End PBXProject section */

/* Begin PBXResourcesBuildPhase section */
		CE696A1429F81E3B007E5194 /* Resources */ = {
			isa = PBXResourcesBuildPhase;
			buildActionMask = 2147483647;
			files = (
				CE696A2A29F8255F007E5194 /* cardOnFile.json in Resources */,
				CEE9685029F827240049D37D /* topupSuccessResponse.json in Resources */,
			);
			runOnlyForDeploymentPostprocessing = 0;
		};
		F5829F5326DB2BC400BFA8CD /* Resources */ = {
			isa = PBXResourcesBuildPhase;
			buildActionMask = 2147483647;
			files = (
				F5829F6526DB2BC500BFA8CD /* LaunchScreen.storyboard in Resources */,
				F5829F6226DB2BC500BFA8CD /* Assets.xcassets in Resources */,
			);
			runOnlyForDeploymentPostprocessing = 0;
		};
/* End PBXResourcesBuildPhase section */

/* Begin PBXSourcesBuildPhase section */
		CE696A1229F81E3B007E5194 /* Sources */ = {
			isa = PBXSourcesBuildPhase;
			buildActionMask = 2147483647;
			files = (
				CE696A1929F81E3B007E5194 /* MiniSuperAppUITests.swift in Sources */,
				CEE9684E29F826A90049D37D /* TestUtils.swift in Sources */,
				CE696A2229F81EC3007E5194 /* TopupImpUITest.swift in Sources */,
			);
			runOnlyForDeploymentPostprocessing = 0;
		};
		F5829F5126DB2BC400BFA8CD /* Sources */ = {
			isa = PBXSourcesBuildPhase;
			buildActionMask = 2147483647;
			files = (
				F5829F7626DB34AA00BFA8CD /* AppRootBuilder.swift in Sources */,
				F5829F7726DB34AA00BFA8CD /* AppRootInteractor.swift in Sources */,
				F57F6AFE26DB4CD700C0117D /* RootTabBarController.swift in Sources */,
				FE531B2329F41EDE00559B08 /* SuperAppURLProtocol.swift in Sources */,
				F5829F5926DB2BC400BFA8CD /* AppDelegate.swift in Sources */,
				FE531B2529F420F900559B08 /* SetupURLProtocol.swift in Sources */,
				F5829F7926DB397300BFA8CD /* AppComponent.swift in Sources */,
				CE0E1CEB29F2D6A10007F36F /* AppRootComponent.swift in Sources */,
				FE12669E29F41D2A00C2CE93 /* BaseURL.swift in Sources */,
				F5829F7426DB34AA00BFA8CD /* AppRootRouter.swift in Sources */,
			);
			runOnlyForDeploymentPostprocessing = 0;
		};
/* End PBXSourcesBuildPhase section */

/* Begin PBXTargetDependency section */
		CE696A1D29F81E3B007E5194 /* PBXTargetDependency */ = {
			isa = PBXTargetDependency;
			target = F5829F5426DB2BC400BFA8CD /* MiniSuperApp */;
			targetProxy = CE696A1C29F81E3B007E5194 /* PBXContainerItemProxy */;
		};
/* End PBXTargetDependency section */

/* Begin PBXVariantGroup section */
		F5829F6326DB2BC500BFA8CD /* LaunchScreen.storyboard */ = {
			isa = PBXVariantGroup;
			children = (
				F5829F6426DB2BC500BFA8CD /* Base */,
			);
			name = LaunchScreen.storyboard;
			sourceTree = "<group>";
		};
/* End PBXVariantGroup section */

/* Begin XCBuildConfiguration section */
		CE696A1E29F81E3B007E5194 /* Debug */ = {
			isa = XCBuildConfiguration;
			buildSettings = {
				CLANG_CXX_LANGUAGE_STANDARD = "gnu++20";
				CODE_SIGN_STYLE = Automatic;
				CURRENT_PROJECT_VERSION = 1;
				GENERATE_INFOPLIST_FILE = YES;
				IPHONEOS_DEPLOYMENT_TARGET = 16.4;
				MARKETING_VERSION = 1.0;
				PRODUCT_BUNDLE_IDENTIFIER = com.MiniSuperAppUITests;
				PRODUCT_NAME = "$(TARGET_NAME)";
				SWIFT_EMIT_LOC_STRINGS = NO;
				SWIFT_VERSION = 5.0;
				TARGETED_DEVICE_FAMILY = "1,2";
				TEST_TARGET_NAME = MiniSuperApp;
			};
			name = Debug;
		};
		CE696A1F29F81E3B007E5194 /* Release */ = {
			isa = XCBuildConfiguration;
			buildSettings = {
				CLANG_CXX_LANGUAGE_STANDARD = "gnu++20";
				CODE_SIGN_STYLE = Automatic;
				CURRENT_PROJECT_VERSION = 1;
				GENERATE_INFOPLIST_FILE = YES;
				IPHONEOS_DEPLOYMENT_TARGET = 16.4;
				MARKETING_VERSION = 1.0;
				PRODUCT_BUNDLE_IDENTIFIER = com.MiniSuperAppUITests;
				PRODUCT_NAME = "$(TARGET_NAME)";
				SWIFT_EMIT_LOC_STRINGS = NO;
				SWIFT_VERSION = 5.0;
				TARGETED_DEVICE_FAMILY = "1,2";
				TEST_TARGET_NAME = MiniSuperApp;
			};
			name = Release;
		};
		CE696A2329F8213F007E5194 /* UITESTING */ = {
			isa = XCBuildConfiguration;
			buildSettings = {
				ALWAYS_SEARCH_USER_PATHS = NO;
				CLANG_ANALYZER_NONNULL = YES;
				CLANG_ANALYZER_NUMBER_OBJECT_CONVERSION = YES_AGGRESSIVE;
				CLANG_CXX_LANGUAGE_STANDARD = "gnu++14";
				CLANG_CXX_LIBRARY = "libc++";
				CLANG_ENABLE_MODULES = YES;
				CLANG_ENABLE_OBJC_ARC = YES;
				CLANG_ENABLE_OBJC_WEAK = YES;
				CLANG_WARN_BLOCK_CAPTURE_AUTORELEASING = YES;
				CLANG_WARN_BOOL_CONVERSION = YES;
				CLANG_WARN_COMMA = YES;
				CLANG_WARN_CONSTANT_CONVERSION = YES;
				CLANG_WARN_DEPRECATED_OBJC_IMPLEMENTATIONS = YES;
				CLANG_WARN_DIRECT_OBJC_ISA_USAGE = YES_ERROR;
				CLANG_WARN_DOCUMENTATION_COMMENTS = YES;
				CLANG_WARN_EMPTY_BODY = YES;
				CLANG_WARN_ENUM_CONVERSION = YES;
				CLANG_WARN_INFINITE_RECURSION = YES;
				CLANG_WARN_INT_CONVERSION = YES;
				CLANG_WARN_NON_LITERAL_NULL_CONVERSION = YES;
				CLANG_WARN_OBJC_IMPLICIT_RETAIN_SELF = YES;
				CLANG_WARN_OBJC_LITERAL_CONVERSION = YES;
				CLANG_WARN_OBJC_ROOT_CLASS = YES_ERROR;
				CLANG_WARN_QUOTED_INCLUDE_IN_FRAMEWORK_HEADER = YES;
				CLANG_WARN_RANGE_LOOP_ANALYSIS = YES;
				CLANG_WARN_STRICT_PROTOTYPES = YES;
				CLANG_WARN_SUSPICIOUS_MOVE = YES;
				CLANG_WARN_UNGUARDED_AVAILABILITY = YES_AGGRESSIVE;
				CLANG_WARN_UNREACHABLE_CODE = YES;
				CLANG_WARN__DUPLICATE_METHOD_MATCH = YES;
				COPY_PHASE_STRIP = NO;
				DEBUG_INFORMATION_FORMAT = dwarf;
				ENABLE_STRICT_OBJC_MSGSEND = YES;
				ENABLE_TESTABILITY = YES;
				GCC_C_LANGUAGE_STANDARD = gnu11;
				GCC_DYNAMIC_NO_PIC = NO;
				GCC_NO_COMMON_BLOCKS = YES;
				GCC_OPTIMIZATION_LEVEL = 0;
				GCC_PREPROCESSOR_DEFINITIONS = (
					"DEBUG=1",
					"$(inherited)",
				);
				GCC_WARN_64_TO_32_BIT_CONVERSION = YES;
				GCC_WARN_ABOUT_RETURN_TYPE = YES_ERROR;
				GCC_WARN_UNDECLARED_SELECTOR = YES;
				GCC_WARN_UNINITIALIZED_AUTOS = YES_AGGRESSIVE;
				GCC_WARN_UNUSED_FUNCTION = YES;
				GCC_WARN_UNUSED_VARIABLE = YES;
				IPHONEOS_DEPLOYMENT_TARGET = 14.5;
				MTL_ENABLE_DEBUG_INFO = INCLUDE_SOURCE;
				MTL_FAST_MATH = YES;
				ONLY_ACTIVE_ARCH = YES;
				SDKROOT = iphoneos;
				SWIFT_ACTIVE_COMPILATION_CONDITIONS = UITESTING;
				SWIFT_OPTIMIZATION_LEVEL = "-Onone";
			};
			name = UITESTING;
		};
		CE696A2429F8213F007E5194 /* UITESTING */ = {
			isa = XCBuildConfiguration;
			buildSettings = {
				ASSETCATALOG_COMPILER_APPICON_NAME = AppIcon;
				ASSETCATALOG_COMPILER_GLOBAL_ACCENT_COLOR_NAME = AccentColor;
				CODE_SIGN_STYLE = Automatic;
				INFOPLIST_FILE = MiniSuperApp/Info.plist;
				LD_RUNPATH_SEARCH_PATHS = (
					"$(inherited)",
					"@executable_path/Frameworks",
				);
				PRODUCT_BUNDLE_IDENTIFIER = com.red.MiniSuperApp;
				PRODUCT_NAME = "$(TARGET_NAME)";
				SWIFT_VERSION = 5.0;
				TARGETED_DEVICE_FAMILY = 1;
			};
			name = UITESTING;
		};
		CE696A2529F8213F007E5194 /* UITESTING */ = {
			isa = XCBuildConfiguration;
			buildSettings = {
				CLANG_CXX_LANGUAGE_STANDARD = "gnu++20";
				CODE_SIGN_STYLE = Automatic;
				CURRENT_PROJECT_VERSION = 1;
				GENERATE_INFOPLIST_FILE = YES;
				IPHONEOS_DEPLOYMENT_TARGET = 16.4;
				MARKETING_VERSION = 1.0;
				PRODUCT_BUNDLE_IDENTIFIER = com.MiniSuperAppUITests;
				PRODUCT_NAME = "$(TARGET_NAME)";
				SWIFT_EMIT_LOC_STRINGS = NO;
				SWIFT_VERSION = 5.0;
				TARGETED_DEVICE_FAMILY = "1,2";
				TEST_TARGET_NAME = MiniSuperApp;
			};
			name = UITESTING;
		};
		F5829F6726DB2BC500BFA8CD /* Debug */ = {
			isa = XCBuildConfiguration;
			buildSettings = {
				ALWAYS_SEARCH_USER_PATHS = NO;
				CLANG_ANALYZER_NONNULL = YES;
				CLANG_ANALYZER_NUMBER_OBJECT_CONVERSION = YES_AGGRESSIVE;
				CLANG_CXX_LANGUAGE_STANDARD = "gnu++14";
				CLANG_CXX_LIBRARY = "libc++";
				CLANG_ENABLE_MODULES = YES;
				CLANG_ENABLE_OBJC_ARC = YES;
				CLANG_ENABLE_OBJC_WEAK = YES;
				CLANG_WARN_BLOCK_CAPTURE_AUTORELEASING = YES;
				CLANG_WARN_BOOL_CONVERSION = YES;
				CLANG_WARN_COMMA = YES;
				CLANG_WARN_CONSTANT_CONVERSION = YES;
				CLANG_WARN_DEPRECATED_OBJC_IMPLEMENTATIONS = YES;
				CLANG_WARN_DIRECT_OBJC_ISA_USAGE = YES_ERROR;
				CLANG_WARN_DOCUMENTATION_COMMENTS = YES;
				CLANG_WARN_EMPTY_BODY = YES;
				CLANG_WARN_ENUM_CONVERSION = YES;
				CLANG_WARN_INFINITE_RECURSION = YES;
				CLANG_WARN_INT_CONVERSION = YES;
				CLANG_WARN_NON_LITERAL_NULL_CONVERSION = YES;
				CLANG_WARN_OBJC_IMPLICIT_RETAIN_SELF = YES;
				CLANG_WARN_OBJC_LITERAL_CONVERSION = YES;
				CLANG_WARN_OBJC_ROOT_CLASS = YES_ERROR;
				CLANG_WARN_QUOTED_INCLUDE_IN_FRAMEWORK_HEADER = YES;
				CLANG_WARN_RANGE_LOOP_ANALYSIS = YES;
				CLANG_WARN_STRICT_PROTOTYPES = YES;
				CLANG_WARN_SUSPICIOUS_MOVE = YES;
				CLANG_WARN_UNGUARDED_AVAILABILITY = YES_AGGRESSIVE;
				CLANG_WARN_UNREACHABLE_CODE = YES;
				CLANG_WARN__DUPLICATE_METHOD_MATCH = YES;
				COPY_PHASE_STRIP = NO;
				DEBUG_INFORMATION_FORMAT = dwarf;
				ENABLE_STRICT_OBJC_MSGSEND = YES;
				ENABLE_TESTABILITY = YES;
				GCC_C_LANGUAGE_STANDARD = gnu11;
				GCC_DYNAMIC_NO_PIC = NO;
				GCC_NO_COMMON_BLOCKS = YES;
				GCC_OPTIMIZATION_LEVEL = 0;
				GCC_PREPROCESSOR_DEFINITIONS = (
					"DEBUG=1",
					"$(inherited)",
				);
				GCC_WARN_64_TO_32_BIT_CONVERSION = YES;
				GCC_WARN_ABOUT_RETURN_TYPE = YES_ERROR;
				GCC_WARN_UNDECLARED_SELECTOR = YES;
				GCC_WARN_UNINITIALIZED_AUTOS = YES_AGGRESSIVE;
				GCC_WARN_UNUSED_FUNCTION = YES;
				GCC_WARN_UNUSED_VARIABLE = YES;
				IPHONEOS_DEPLOYMENT_TARGET = 14.5;
				MTL_ENABLE_DEBUG_INFO = INCLUDE_SOURCE;
				MTL_FAST_MATH = YES;
				ONLY_ACTIVE_ARCH = YES;
				SDKROOT = iphoneos;
				SWIFT_ACTIVE_COMPILATION_CONDITIONS = DEBUG;
				SWIFT_OPTIMIZATION_LEVEL = "-Onone";
			};
			name = Debug;
		};
		F5829F6826DB2BC500BFA8CD /* Release */ = {
			isa = XCBuildConfiguration;
			buildSettings = {
				ALWAYS_SEARCH_USER_PATHS = NO;
				CLANG_ANALYZER_NONNULL = YES;
				CLANG_ANALYZER_NUMBER_OBJECT_CONVERSION = YES_AGGRESSIVE;
				CLANG_CXX_LANGUAGE_STANDARD = "gnu++14";
				CLANG_CXX_LIBRARY = "libc++";
				CLANG_ENABLE_MODULES = YES;
				CLANG_ENABLE_OBJC_ARC = YES;
				CLANG_ENABLE_OBJC_WEAK = YES;
				CLANG_WARN_BLOCK_CAPTURE_AUTORELEASING = YES;
				CLANG_WARN_BOOL_CONVERSION = YES;
				CLANG_WARN_COMMA = YES;
				CLANG_WARN_CONSTANT_CONVERSION = YES;
				CLANG_WARN_DEPRECATED_OBJC_IMPLEMENTATIONS = YES;
				CLANG_WARN_DIRECT_OBJC_ISA_USAGE = YES_ERROR;
				CLANG_WARN_DOCUMENTATION_COMMENTS = YES;
				CLANG_WARN_EMPTY_BODY = YES;
				CLANG_WARN_ENUM_CONVERSION = YES;
				CLANG_WARN_INFINITE_RECURSION = YES;
				CLANG_WARN_INT_CONVERSION = YES;
				CLANG_WARN_NON_LITERAL_NULL_CONVERSION = YES;
				CLANG_WARN_OBJC_IMPLICIT_RETAIN_SELF = YES;
				CLANG_WARN_OBJC_LITERAL_CONVERSION = YES;
				CLANG_WARN_OBJC_ROOT_CLASS = YES_ERROR;
				CLANG_WARN_QUOTED_INCLUDE_IN_FRAMEWORK_HEADER = YES;
				CLANG_WARN_RANGE_LOOP_ANALYSIS = YES;
				CLANG_WARN_STRICT_PROTOTYPES = YES;
				CLANG_WARN_SUSPICIOUS_MOVE = YES;
				CLANG_WARN_UNGUARDED_AVAILABILITY = YES_AGGRESSIVE;
				CLANG_WARN_UNREACHABLE_CODE = YES;
				CLANG_WARN__DUPLICATE_METHOD_MATCH = YES;
				COPY_PHASE_STRIP = NO;
				DEBUG_INFORMATION_FORMAT = "dwarf-with-dsym";
				ENABLE_NS_ASSERTIONS = NO;
				ENABLE_STRICT_OBJC_MSGSEND = YES;
				GCC_C_LANGUAGE_STANDARD = gnu11;
				GCC_NO_COMMON_BLOCKS = YES;
				GCC_WARN_64_TO_32_BIT_CONVERSION = YES;
				GCC_WARN_ABOUT_RETURN_TYPE = YES_ERROR;
				GCC_WARN_UNDECLARED_SELECTOR = YES;
				GCC_WARN_UNINITIALIZED_AUTOS = YES_AGGRESSIVE;
				GCC_WARN_UNUSED_FUNCTION = YES;
				GCC_WARN_UNUSED_VARIABLE = YES;
				IPHONEOS_DEPLOYMENT_TARGET = 14.5;
				MTL_ENABLE_DEBUG_INFO = NO;
				MTL_FAST_MATH = YES;
				SDKROOT = iphoneos;
				SWIFT_COMPILATION_MODE = wholemodule;
				SWIFT_OPTIMIZATION_LEVEL = "-O";
				VALIDATE_PRODUCT = YES;
			};
			name = Release;
		};
		F5829F6A26DB2BC500BFA8CD /* Debug */ = {
			isa = XCBuildConfiguration;
			buildSettings = {
				ASSETCATALOG_COMPILER_APPICON_NAME = AppIcon;
				ASSETCATALOG_COMPILER_GLOBAL_ACCENT_COLOR_NAME = AccentColor;
				CODE_SIGN_STYLE = Automatic;
				INFOPLIST_FILE = MiniSuperApp/Info.plist;
				LD_RUNPATH_SEARCH_PATHS = (
					"$(inherited)",
					"@executable_path/Frameworks",
				);
				PRODUCT_BUNDLE_IDENTIFIER = com.red.MiniSuperApp;
				PRODUCT_NAME = "$(TARGET_NAME)";
				SWIFT_VERSION = 5.0;
				TARGETED_DEVICE_FAMILY = 1;
			};
			name = Debug;
		};
		F5829F6B26DB2BC500BFA8CD /* Release */ = {
			isa = XCBuildConfiguration;
			buildSettings = {
				ASSETCATALOG_COMPILER_APPICON_NAME = AppIcon;
				ASSETCATALOG_COMPILER_GLOBAL_ACCENT_COLOR_NAME = AccentColor;
				CODE_SIGN_STYLE = Automatic;
				INFOPLIST_FILE = MiniSuperApp/Info.plist;
				LD_RUNPATH_SEARCH_PATHS = (
					"$(inherited)",
					"@executable_path/Frameworks",
				);
				PRODUCT_BUNDLE_IDENTIFIER = com.red.MiniSuperApp;
				PRODUCT_NAME = "$(TARGET_NAME)";
				SWIFT_VERSION = 5.0;
				TARGETED_DEVICE_FAMILY = 1;
			};
			name = Release;
		};
/* End XCBuildConfiguration section */

/* Begin XCConfigurationList section */
		CE696A2029F81E3B007E5194 /* Build configuration list for PBXNativeTarget "MiniSuperAppUITests" */ = {
			isa = XCConfigurationList;
			buildConfigurations = (
				CE696A1E29F81E3B007E5194 /* Debug */,
				CE696A2529F8213F007E5194 /* UITESTING */,
				CE696A1F29F81E3B007E5194 /* Release */,
			);
			defaultConfigurationIsVisible = 0;
			defaultConfigurationName = Release;
		};
		F5829F5026DB2BC400BFA8CD /* Build configuration list for PBXProject "MiniSuperApp" */ = {
			isa = XCConfigurationList;
			buildConfigurations = (
				F5829F6726DB2BC500BFA8CD /* Debug */,
				CE696A2329F8213F007E5194 /* UITESTING */,
				F5829F6826DB2BC500BFA8CD /* Release */,
			);
			defaultConfigurationIsVisible = 0;
			defaultConfigurationName = Release;
		};
		F5829F6926DB2BC500BFA8CD /* Build configuration list for PBXNativeTarget "MiniSuperApp" */ = {
			isa = XCConfigurationList;
			buildConfigurations = (
				F5829F6A26DB2BC500BFA8CD /* Debug */,
				CE696A2429F8213F007E5194 /* UITESTING */,
				F5829F6B26DB2BC500BFA8CD /* Release */,
			);
			defaultConfigurationIsVisible = 0;
			defaultConfigurationName = Release;
		};
/* End XCConfigurationList section */

/* Begin XCRemoteSwiftPackageReference section */
		CECA6D2029F137290065D389 /* XCRemoteSwiftPackageReference "ModernRIBs" */ = {
			isa = XCRemoteSwiftPackageReference;
			repositoryURL = "https://github.com/DevYeom/ModernRIBs";
			requirement = {
				kind = exactVersion;
				version = 1.0.1;
			};
		};
		CECA6D2329F137410065D389 /* XCRemoteSwiftPackageReference "CombineExt" */ = {
			isa = XCRemoteSwiftPackageReference;
			repositoryURL = "https://github.com/CombineCommunity/CombineExt.git";
			requirement = {
				kind = upToNextMajorVersion;
				minimumVersion = 1.0.0;
			};
		};
/* End XCRemoteSwiftPackageReference section */

/* Begin XCSwiftPackageProductDependency section */
		CE0E1CEC29F2D7270007F36F /* TransportHomeImp */ = {
			isa = XCSwiftPackageProductDependency;
			productName = TransportHomeImp;
		};
		CE0E1CEE29F2DAB20007F36F /* TopupImp */ = {
			isa = XCSwiftPackageProductDependency;
			productName = TopupImp;
		};
		CE0E1CF029F2E0140007F36F /* AddPaymentMethodImp */ = {
			isa = XCSwiftPackageProductDependency;
			productName = AddPaymentMethodImp;
		};
		CE696A2629F824D4007E5194 /* PlatformTestSupport */ = {
			isa = XCSwiftPackageProductDependency;
			productName = PlatformTestSupport;
		};
		CEB0336929F18539000CC868 /* AppHome */ = {
			isa = XCSwiftPackageProductDependency;
			productName = AppHome;
		};
		CEB0336B29F18640000CC868 /* ProfileHome */ = {
			isa = XCSwiftPackageProductDependency;
			productName = ProfileHome;
		};
		CEB7D14329F181080014D9DF /* FinanceHome */ = {
			isa = XCSwiftPackageProductDependency;
			productName = FinanceHome;
		};
		CEB7D14729F182D30014D9DF /* TransportHome */ = {
			isa = XCSwiftPackageProductDependency;
			productName = TransportHome;
		};
		CEB8AE4A29F13A5100EEA219 /* Topup */ = {
			isa = XCSwiftPackageProductDependency;
			productName = Topup;
		};
		CECA6D2129F137290065D389 /* ModernRIBs */ = {
			isa = XCSwiftPackageProductDependency;
			package = CECA6D2029F137290065D389 /* XCRemoteSwiftPackageReference "ModernRIBs" */;
			productName = ModernRIBs;
		};
		CECA6D2429F137410065D389 /* CombineExt */ = {
			isa = XCSwiftPackageProductDependency;
			package = CECA6D2329F137410065D389 /* XCRemoteSwiftPackageReference "CombineExt" */;
			productName = CombineExt;
		};
		CECA6D2629F137AC0065D389 /* AddPaymentMethod */ = {
			isa = XCSwiftPackageProductDependency;
			productName = AddPaymentMethod;
		};
		CECA6D2829F137AC0065D389 /* FinanceEntity */ = {
			isa = XCSwiftPackageProductDependency;
			productName = FinanceEntity;
		};
		CECA6D2A29F137AC0065D389 /* FinanceRepository */ = {
			isa = XCSwiftPackageProductDependency;
			productName = FinanceRepository;
		};
		CEEE9C3C29F137ED0087B9AA /* CombineUtil */ = {
			isa = XCSwiftPackageProductDependency;
			productName = CombineUtil;
		};
		CEEE9C3E29F137ED0087B9AA /* RIBsUtil */ = {
			isa = XCSwiftPackageProductDependency;
			productName = RIBsUtil;
		};
		CEEE9C4029F137ED0087B9AA /* SuperUI */ = {
			isa = XCSwiftPackageProductDependency;
			productName = SuperUI;
		};
		FE12669729F3E4B500C2CE93 /* DefaultsStore */ = {
			isa = XCSwiftPackageProductDependency;
			productName = DefaultsStore;
		};
		FE12669929F3E4B500C2CE93 /* Network */ = {
			isa = XCSwiftPackageProductDependency;
			productName = Network;
		};
		FE12669B29F3E4B500C2CE93 /* NetworkImp */ = {
			isa = XCSwiftPackageProductDependency;
			productName = NetworkImp;
		};
/* End XCSwiftPackageProductDependency section */
	};
	rootObject = F5829F4D26DB2BC400BFA8CD /* Project object */;
}
